# This file is generated by running "yarn install" inside your project.
# Manual changes might be lost - proceed with caution!

__metadata:
  version: 8
  cacheKey: 10c0

"@oven/bun-darwin-aarch64@npm:1.3.4":
  version: 1.3.4
  resolution: "@oven/bun-darwin-aarch64@npm:1.3.4"
  conditions: os=darwin & cpu=arm64
  languageName: node
  linkType: hard

"@oven/bun-darwin-x64-baseline@npm:1.3.4":
  version: 1.3.4
  resolution: "@oven/bun-darwin-x64-baseline@npm:1.3.4"
  conditions: os=darwin & cpu=x64
  languageName: node
  linkType: hard

"@oven/bun-darwin-x64@npm:1.3.4":
  version: 1.3.4
  resolution: "@oven/bun-darwin-x64@npm:1.3.4"
  conditions: os=darwin & cpu=x64
  languageName: node
  linkType: hard

"@oven/bun-linux-aarch64-musl@npm:1.3.4":
  version: 1.3.4
  resolution: "@oven/bun-linux-aarch64-musl@npm:1.3.4"
  conditions: os=linux & cpu=arm64
  languageName: node
  linkType: hard

"@oven/bun-linux-aarch64@npm:1.3.4":
  version: 1.3.4
  resolution: "@oven/bun-linux-aarch64@npm:1.3.4"
  conditions: os=linux & cpu=arm64
  languageName: node
  linkType: hard

"@oven/bun-linux-x64-baseline@npm:1.3.4":
  version: 1.3.4
  resolution: "@oven/bun-linux-x64-baseline@npm:1.3.4"
  conditions: os=linux & cpu=x64
  languageName: node
  linkType: hard

"@oven/bun-linux-x64-musl-baseline@npm:1.3.4":
  version: 1.3.4
  resolution: "@oven/bun-linux-x64-musl-baseline@npm:1.3.4"
  conditions: os=linux & cpu=x64
  languageName: node
  linkType: hard

"@oven/bun-linux-x64-musl@npm:1.3.4":
  version: 1.3.4
  resolution: "@oven/bun-linux-x64-musl@npm:1.3.4"
  conditions: os=linux & cpu=x64
  languageName: node
  linkType: hard

"@oven/bun-linux-x64@npm:1.3.4":
  version: 1.3.4
  resolution: "@oven/bun-linux-x64@npm:1.3.4"
  conditions: os=linux & cpu=x64
  languageName: node
  linkType: hard

"@oven/bun-windows-x64-baseline@npm:1.3.4":
  version: 1.3.4
  resolution: "@oven/bun-windows-x64-baseline@npm:1.3.4"
  conditions: os=win32 & cpu=x64
  languageName: node
  linkType: hard

"@oven/bun-windows-x64@npm:1.3.4":
  version: 1.3.4
  resolution: "@oven/bun-windows-x64@npm:1.3.4"
  conditions: os=win32 & cpu=x64
  languageName: node
  linkType: hard

"@types/node@npm:^20.8.4":
  version: 20.11.28
  resolution: "@types/node@npm:20.11.28"
  dependencies:
    undici-types: "npm:~5.26.4"
  checksum: 10c0/c599745243ed9ae4ca87460f18f88d02ab7424b545136aa504ed7a1d898e3a9bb133c927bcc7e861f79d7f6043ef917a173e780c8a001e129221e92f6d97b0ee
  languageName: node
  linkType: hard

"bun@npm:^1.3.4":
  version: 1.3.4
  resolution: "bun@npm:1.3.4"
  dependencies:
    "@oven/bun-darwin-aarch64": "npm:1.3.4"
    "@oven/bun-darwin-x64": "npm:1.3.4"
    "@oven/bun-darwin-x64-baseline": "npm:1.3.4"
    "@oven/bun-linux-aarch64": "npm:1.3.4"
    "@oven/bun-linux-aarch64-musl": "npm:1.3.4"
    "@oven/bun-linux-x64": "npm:1.3.4"
    "@oven/bun-linux-x64-baseline": "npm:1.3.4"
    "@oven/bun-linux-x64-musl": "npm:1.3.4"
    "@oven/bun-linux-x64-musl-baseline": "npm:1.3.4"
    "@oven/bun-windows-x64": "npm:1.3.4"
    "@oven/bun-windows-x64-baseline": "npm:1.3.4"
  dependenciesMeta:
    "@oven/bun-darwin-aarch64":
      optional: true
    "@oven/bun-darwin-x64":
      optional: true
    "@oven/bun-darwin-x64-baseline":
      optional: true
    "@oven/bun-linux-aarch64":
      optional: true
    "@oven/bun-linux-aarch64-musl":
      optional: true
    "@oven/bun-linux-x64":
      optional: true
    "@oven/bun-linux-x64-baseline":
      optional: true
    "@oven/bun-linux-x64-musl":
      optional: true
    "@oven/bun-linux-x64-musl-baseline":
      optional: true
    "@oven/bun-windows-x64":
      optional: true
    "@oven/bun-windows-x64-baseline":
      optional: true
  bin:
    bun: bin/bun.exe
    bunx: bin/bunx.exe
  checksum: 10c0/770d074cea6628e7f66d10d81f26884d142837418b5eaad12eef494e87831d4c075926d5b544623470e9697cb15e8073f8b2f4e24d4c5044698238065797e6eb
  conditions: (os=darwin | os=linux | os=win32) & (cpu=arm64 | cpu=x64)
  languageName: node
  linkType: hard

"mark6-gen@workspace:.":
  version: 0.0.0-use.local
  resolution: "mark6-gen@workspace:."
  dependencies:
    "@types/node": "npm:^20.8.4"
    bun: "npm:^1.3.4"
    typescript: "npm:^5.4.2"
  languageName: unknown
  linkType: soft

"typescript@npm:^5.4.2":
  version: 5.4.2
  resolution: "typescript@npm:5.4.2"
  bin:
    tsc: bin/tsc
    tsserver: bin/tsserver
  checksum: 10c0/583ff68cafb0c076695f72d61df6feee71689568179fb0d3a4834dac343df6b6ed7cf7b6f6c801fa52d43cd1d324e2f2d8ae4497b09f9e6cfe3d80a6d6c9ca52
  languageName: node
  linkType: hard

"typescript@patch:typescript@npm%3A^5.4.2#optional!builtin<compat/typescript>":
  version: 5.4.2
  resolution: "typescript@patch:typescript@npm%3A5.4.2#optional!builtin<compat/typescript>::version=5.4.2&hash=5adc0c"
  bin:
    tsc: bin/tsc
    tsserver: bin/tsserver
  checksum: 10c0/fcf6658073d07283910d9a0e04b1d5d0ebc822c04dbb7abdd74c3151c7aa92fcddbac7d799404e358197222006ccdc4c0db219d223d2ee4ccd9e2b01333b49be
  languageName: node
  linkType: hard

"undici-types@npm:~5.26.4":
  version: 5.26.5
  resolution: "undici-types@npm:5.26.5"
  checksum: 10c0/bb673d7876c2d411b6eb6c560e0c571eef4a01c1c19925175d16e3a30c4c428181fb8d7ae802a261f283e4166a0ac435e2f505743aa9e45d893f9a3df017b501
  languageName: node
  linkType: hard
